// !$*UTF8*$!
{
	archiveVersion = 1;
	classes = {
	};
	objectVersion = 55;
	objects = {

/* Begin PBXBuildFile section */
		C18BD31A28FDD9E1008CD5C9 /* ContactTableViewCell.swift in Sources */ = {isa = PBXBuildFile; fileRef = C18BD31828FDD9E1008CD5C9 /* ContactTableViewCell.swift */; };
		C18BD31B28FDD9E1008CD5C9 /* ContactTableViewCell.xib in Resources */ = {isa = PBXBuildFile; fileRef = C18BD31928FDD9E1008CD5C9 /* ContactTableViewCell.xib */; };
		C19B345728FDC8B600DD06A3 /* AppDelegate.swift in Sources */ = {isa = PBXBuildFile; fileRef = C19B345628FDC8B600DD06A3 /* AppDelegate.swift */; };
		C19B345928FDC8B600DD06A3 /* SceneDelegate.swift in Sources */ = {isa = PBXBuildFile; fileRef = C19B345828FDC8B600DD06A3 /* SceneDelegate.swift */; };
		C19B345B28FDC8B600DD06A3 /* ViewController.swift in Sources */ = {isa = PBXBuildFile; fileRef = C19B345A28FDC8B600DD06A3 /* ViewController.swift */; };
		C19B345E28FDC8B600DD06A3 /* Main.storyboard in Resources */ = {isa = PBXBuildFile; fileRef = C19B345C28FDC8B600DD06A3 /* Main.storyboard */; };
		C19B346028FDC8B800DD06A3 /* Assets.xcassets in Resources */ = {isa = PBXBuildFile; fileRef = C19B345F28FDC8B800DD06A3 /* Assets.xcassets */; };
		C19B346328FDC8B800DD06A3 /* LaunchScreen.storyboard in Resources */ = {isa = PBXBuildFile; fileRef = C19B346128FDC8B800DD06A3 /* LaunchScreen.storyboard */; };
		C19B346B28FDC8D800DD06A3 /* IvedimoViewController.swift in Sources */ = {isa = PBXBuildFile; fileRef = C19B346A28FDC8D800DD06A3 /* IvedimoViewController.swift */; };
/* End PBXBuildFile section */

/* Begin PBXFileReference section */
		C18BD31828FDD9E1008CD5C9 /* ContactTableViewCell.swift */ = {isa = PBXFileReference; lastKnownFileType = sourcecode.swift; path = ContactTableViewCell.swift; sourceTree = "<group>"; };
		C18BD31928FDD9E1008CD5C9 /* ContactTableViewCell.xib */ = {isa = PBXFileReference; lastKnownFileType = file.xib; path = ContactTableViewCell.xib; sourceTree = "<group>"; };
		C19B345328FDC8B600DD06A3 /* Lecture11App.app */ = {isa = PBXFileReference; explicitFileType = wrapper.application; includeInIndex = 0; path = Lecture11App.app; sourceTree = BUILT_PRODUCTS_DIR; };
		C19B345628FDC8B600DD06A3 /* AppDelegate.swift */ = {isa = PBXFileReference; lastKnownFileType = sourcecode.swift; path = AppDelegate.swift; sourceTree = "<group>"; };
		C19B345828FDC8B600DD06A3 /* SceneDelegate.swift */ = {isa = PBXFileReference; lastKnownFileType = sourcecode.swift; path = SceneDelegate.swift; sourceTree = "<group>"; };
		C19B345A28FDC8B600DD06A3 /* ViewController.swift */ = {isa = PBXFileReference; lastKnownFileType = sourcecode.swift; path = ViewController.swift; sourceTree = "<group>"; };
		C19B345D28FDC8B600DD06A3 /* Base */ = {isa = PBXFileReference; lastKnownFileType = file.storyboard; name = Base; path = Base.lproj/Main.storyboard; sourceTree = "<group>"; };
		C19B345F28FDC8B800DD06A3 /* Assets.xcassets */ = {isa = PBXFileReference; lastKnownFileType = folder.assetcatalog; path = Assets.xcassets; sourceTree = "<group>"; };
		C19B346228FDC8B800DD06A3 /* Base */ = {isa = PBXFileReference; lastKnownFileType = file.storyboard; name = Base; path = Base.lproj/LaunchScreen.storyboard; sourceTree = "<group>"; };
		C19B346428FDC8B800DD06A3 /* Info.plist */ = {isa = PBXFileReference; lastKnownFileType = text.plist.xml; path = Info.plist; sourceTree = "<group>"; };
		C19B346A28FDC8D800DD06A3 /* IvedimoViewController.swift */ = {isa = PBXFileReference; lastKnownFileType = sourcecode.swift; path = IvedimoViewController.swift; sourceTree = "<group>"; };
/* End PBXFileReference section */

/* Begin PBXFrameworksBuildPhase section */
		C19B345028FDC8B600DD06A3 /* Frameworks */ = {
			isa = PBXFrameworksBuildPhase;
			buildActionMask = 2147483647;
			files = (
			);
			runOnlyForDeploymentPostprocessing = 0;
		};
/* End PBXFrameworksBuildPhase section */

/* Begin PBXGroup section */
		C19B344A28FDC8B600DD06A3 = {
			isa = PBXGroup;
			children = (
				C19B345528FDC8B600DD06A3 /* Lecture11App */,
				C19B345428FDC8B600DD06A3 /* Products */,
			);
			sourceTree = "<group>";
		};
		C19B345428FDC8B600DD06A3 /* Products */ = {
			isa = PBXGroup;
			children = (
				C19B345328FDC8B600DD06A3 /* Lecture11App.app */,
			);
			name = Products;
			sourceTree = "<group>";
		};
		C19B345528FDC8B600DD06A3 /* Lecture11App */ = {
			isa = PBXGroup;
			children = (
				C19B345628FDC8B600DD06A3 /* AppDelegate.swift */,
				C19B345828FDC8B600DD06A3 /* SceneDelegate.swift */,
				C19B345A28FDC8B600DD06A3 /* ViewController.swift */,
				C19B345C28FDC8B600DD06A3 /* Main.storyboard */,
				C19B345F28FDC8B800DD06A3 /* Assets.xcassets */,
				C19B346128FDC8B800DD06A3 /* LaunchScreen.storyboard */,
				C19B346428FDC8B800DD06A3 /* Info.plist */,
				C19B346A28FDC8D800DD06A3 /* IvedimoViewController.swift */,
				C18BD31828FDD9E1008CD5C9 /* ContactTableViewCell.swift */,
				C18BD31928FDD9E1008CD5C9 /* ContactTableViewCell.xib */,
			);
			path = Lecture11App;
			sourceTree = "<group>";
		};
/* End PBXGroup section */

/* Begin PBXNativeTarget section */
		C19B345228FDC8B600DD06A3 /* Lecture11App */ = {
			isa = PBXNativeTarget;
			buildConfigurationList = C19B346728FDC8B800DD06A3 /* Build configuration list for PBXNativeTarget "Lecture11App" */;
			buildPhases = (
				C19B344F28FDC8B600DD06A3 /* Sources */,
				C19B345028FDC8B600DD06A3 /* Frameworks */,
				C19B345128FDC8B600DD06A3 /* Resources */,
			);
			buildRules = (
			);
			dependencies = (
			);
			name = Lecture11App;
			productName = Lecture11App;
			productReference = C19B345328FDC8B600DD06A3 /* Lecture11App.app */;
			productType = "com.apple.product-type.application";
		};
/* End PBXNativeTarget section */

/* Begin PBXProject section */
		C19B344B28FDC8B600DD06A3 /* Project object */ = {
			isa = PBXProject;
			attributes = {
				BuildIndependentTargetsInParallel = 1;
				LastSwiftUpdateCheck = 1340;
				LastUpgradeCheck = 1340;
				TargetAttributes = {
					C19B345228FDC8B600DD06A3 = {
						CreatedOnToolsVersion = 13.4.1;
					};
				};
			};
			buildConfigurationList = C19B344E28FDC8B600DD06A3 /* Build configuration list for PBXProject "Lecture11App" */;
			compatibilityVersion = "Xcode 13.0";
			developmentRegion = en;
			hasScannedForEncodings = 0;
			knownRegions = (
				en,
				Base,
			);
			mainGroup = C19B344A28FDC8B600DD06A3;
			productRefGroup = C19B345428FDC8B600DD06A3 /* Products */;
			projectDirPath = "";
			projectRoot = "";
			targets = (
				C19B345228FDC8B600DD06A3 /* Lecture11App */,
			);
		};
/* End PBXProject section */

/* Begin PBXResourcesBuildPhase section */
		C19B345128FDC8B600DD06A3 /* Resources */ = {
			isa = PBXResourcesBuildPhase;
			buildActionMask = 2147483647;
			files = (
				C18BD31B28FDD9E1008CD5C9 /* ContactTableViewCell.xib in Resources */,
				C19B346328FDC8B800DD06A3 /* LaunchScreen.storyboard in Resources */,
				C19B346028FDC8B800DD06A3 /* Assets.xcassets in Resources */,
				C19B345E28FDC8B600DD06A3 /* Main.storyboard in Resources */,
			);
			runOnlyForDeploymentPostprocessing = 0;
		};
/* End PBXResourcesBuildPhase section */

/* Begin PBXSourcesBuildPhase section */
		C19B344F28FDC8B600DD06A3 /* Sources */ = {
			isa = PBXSourcesBuildPhase;
			buildActionMask = 2147483647;
			files = (
				C19B345B28FDC8B600DD06A3 /* ViewController.swift in Sources */,
				C18BD31A28FDD9E1008CD5C9 /* ContactTableViewCell.swift in Sources */,
				C19B345728FDC8B600DD06A3 /* AppDelegate.swift in Sources */,
				C19B346B28FDC8D800DD06A3 /* IvedimoViewController.swift in Sources */,
				C19B345928FDC8B600DD06A3 /* SceneDelegate.swift in Sources */,
			);
			runOnlyForDeploymentPostprocessing = 0;
		};
/* End PBXSourcesBuildPhase section */

/* Begin PBXVariantGroup section */
		C19B345C28FDC8B600DD06A3 /* Main.storyboard */ = {
			isa = PBXVariantGroup;
			children = (
				C19B345D28FDC8B600DD06A3 /* Base */,
			);
			name = Main.storyboard;
			sourceTree = "<group>";
		};
		C19B346128FDC8B800DD06A3 /* LaunchScreen.storyboard */ = {
			isa = PBXVariantGroup;
			children = (
				C19B346228FDC8B800DD06A3 /* Base */,
			);
			name = LaunchScreen.storyboard;
			sourceTree = "<group>";
		};
/* End PBXVariantGroup section */

/* Begin XCBuildConfiguration section */
		C19B346528FDC8B800DD06A3 /* Debug */ = {
			isa = XCBuildConfiguration;
			buildSettings = {
				ALWAYS_SEARCH_USER_PATHS = NO;
				CLANG_ANALYZER_NONNULL = YES;
				CLANG_ANALYZER_NUMBER_OBJECT_CONVERSION = YES_AGGRESSIVE;
				CLANG_CXX_LANGUAGE_STANDARD = "gnu++17";
				CLANG_ENABLE_MODULES = YES;
				CLANG_ENABLE_OBJC_ARC = YES;
				CLANG_ENABLE_OBJC_WEAK = YES;
				CLANG_WARN_BLOCK_CAPTURE_AUTORELEASING = YES;
				CLANG_WARN_BOOL_CONVERSION = YES;
				CLANG_WARN_COMMA = YES;
				CLANG_WARN_CONSTANT_CONVERSION = YES;
				CLANG_WARN_DEPRECATED_OBJC_IMPLEMENTATIONS = YES;
				CLANG_WARN_DIRECT_OBJC_ISA_USAGE = YES_ERROR;
				CLANG_WARN_DOCUMENTATION_COMMENTS = YES;
				CLANG_WARN_EMPTY_BODY = YES;
				CLANG_WARN_ENUM_CONVERSION = YES;
				CLANG_WARN_INFINITE_RECURSION = YES;
				CLANG_WARN_INT_CONVERSION = YES;
				CLANG_WARN_NON_LITERAL_NULL_CONVERSION = YES;
				CLANG_WARN_OBJC_IMPLICIT_RETAIN_SELF = YES;
				CLANG_WARN_OBJC_LITERAL_CONVERSION = YES;
				CLANG_WARN_OBJC_ROOT_CLASS = YES_ERROR;
				CLANG_WARN_QUOTED_INCLUDE_IN_FRAMEWORK_HEADER = YES;
				CLANG_WARN_RANGE_LOOP_ANALYSIS = YES;
				CLANG_WARN_STRICT_PROTOTYPES = YES;
				CLANG_WARN_SUSPICIOUS_MOVE = YES;
				CLANG_WARN_UNGUARDED_AVAILABILITY = YES_AGGRESSIVE;
				CLANG_WARN_UNREACHABLE_CODE = YES;
				CLANG_WARN__DUPLICATE_METHOD_MATCH = YES;
				COPY_PHASE_STRIP = NO;
				DEBUG_INFORMATION_FORMAT = dwarf;
				ENABLE_STRICT_OBJC_MSGSEND = YES;
				ENABLE_TESTABILITY = YES;
				GCC_C_LANGUAGE_STANDARD = gnu11;
				GCC_DYNAMIC_NO_PIC = NO;
				GCC_NO_COMMON_BLOCKS = YES;
				GCC_OPTIMIZATION_LEVEL = 0;
				GCC_PREPROCESSOR_DEFINITIONS = (
					"DEBUG=1",
					"$(inherited)",
				);
				GCC_WARN_64_TO_32_BIT_CONVERSION = YES;
				GCC_WARN_ABOUT_RETURN_TYPE = YES_ERROR;
				GCC_WARN_UNDECLARED_SELECTOR = YES;
				GCC_WARN_UNINITIALIZED_AUTOS = YES_AGGRESSIVE;
				GCC_WARN_UNUSED_FUNCTION = YES;
				GCC_WARN_UNUSED_VARIABLE = YES;
				IPHONEOS_DEPLOYMENT_TARGET = 15.5;
				MTL_ENABLE_DEBUG_INFO = INCLUDE_SOURCE;
				MTL_FAST_MATH = YES;
				ONLY_ACTIVE_ARCH = YES;
				SDKROOT = iphoneos;
				SWIFT_ACTIVE_COMPILATION_CONDITIONS = DEBUG;
				SWIFT_OPTIMIZATION_LEVEL = "-Onone";
			};
			name = Debug;
		};
		C19B346628FDC8B800DD06A3 /* Release */ = {
			isa = XCBuildConfiguration;
			buildSettings = {
				ALWAYS_SEARCH_USER_PATHS = NO;
				CLANG_ANALYZER_NONNULL = YES;
				CLANG_ANALYZER_NUMBER_OBJECT_CONVERSION = YES_AGGRESSIVE;
				CLANG_CXX_LANGUAGE_STANDARD = "gnu++17";
				CLANG_ENABLE_MODULES = YES;
				CLANG_ENABLE_OBJC_ARC = YES;
				CLANG_ENABLE_OBJC_WEAK = YES;
				CLANG_WARN_BLOCK_CAPTURE_AUTORELEASING = YES;
				CLANG_WARN_BOOL_CONVERSION = YES;
				CLANG_WARN_COMMA = YES;
				CLANG_WARN_CONSTANT_CONVERSION = YES;
				CLANG_WARN_DEPRECATED_OBJC_IMPLEMENTATIONS = YES;
				CLANG_WARN_DIRECT_OBJC_ISA_USAGE = YES_ERROR;
				CLANG_WARN_DOCUMENTATION_COMMENTS = YES;
				CLANG_WARN_EMPTY_BODY = YES;
				CLANG_WARN_ENUM_CONVERSION = YES;
				CLANG_WARN_INFINITE_RECURSION = YES;
				CLANG_WARN_INT_CONVERSION = YES;
				CLANG_WARN_NON_LITERAL_NULL_CONVERSION = YES;
				CLANG_WARN_OBJC_IMPLICIT_RETAIN_SELF = YES;
				CLANG_WARN_OBJC_LITERAL_CONVERSION = YES;
				CLANG_WARN_OBJC_ROOT_CLASS = YES_ERROR;
				CLANG_WARN_QUOTED_INCLUDE_IN_FRAMEWORK_HEADER = YES;
				CLANG_WARN_RANGE_LOOP_ANALYSIS = YES;
				CLANG_WARN_STRICT_PROTOTYPES = YES;
				CLANG_WARN_SUSPICIOUS_MOVE = YES;
				CLANG_WARN_UNGUARDED_AVAILABILITY = YES_AGGRESSIVE;
				CLANG_WARN_UNREACHABLE_CODE = YES;
				CLANG_WARN__DUPLICATE_METHOD_MATCH = YES;
				COPY_PHASE_STRIP = NO;
				DEBUG_INFORMATION_FORMAT = "dwarf-with-dsym";
				ENABLE_NS_ASSERTIONS = NO;
				ENABLE_STRICT_OBJC_MSGSEND = YES;
				GCC_C_LANGUAGE_STANDARD = gnu11;
				GCC_NO_COMMON_BLOCKS = YES;
				GCC_WARN_64_TO_32_BIT_CONVERSION = YES;
				GCC_WARN_ABOUT_RETURN_TYPE = YES_ERROR;
				GCC_WARN_UNDECLARED_SELECTOR = YES;
				GCC_WARN_UNINITIALIZED_AUTOS = YES_AGGRESSIVE;
				GCC_WARN_UNUSED_FUNCTION = YES;
				GCC_WARN_UNUSED_VARIABLE = YES;
				IPHONEOS_DEPLOYMENT_TARGET = 15.5;
				MTL_ENABLE_DEBUG_INFO = NO;
				MTL_FAST_MATH = YES;
				SDKROOT = iphoneos;
				SWIFT_COMPILATION_MODE = wholemodule;
				SWIFT_OPTIMIZATION_LEVEL = "-O";
				VALIDATE_PRODUCT = YES;
			};
			name = Release;
		};
		C19B346828FDC8B800DD06A3 /* Debug */ = {
			isa = XCBuildConfiguration;
			buildSettings = {
				ASSETCATALOG_COMPILER_APPICON_NAME = AppIcon;
				ASSETCATALOG_COMPILER_GLOBAL_ACCENT_COLOR_NAME = AccentColor;
				CODE_SIGN_STYLE = Automatic;
				CURRENT_PROJECT_VERSION = 1;
				GENERATE_INFOPLIST_FILE = YES;
				INFOPLIST_FILE = Lecture11App/Info.plist;
				INFOPLIST_KEY_UIApplicationSupportsIndirectInputEvents = YES;
				INFOPLIST_KEY_UILaunchStoryboardName = LaunchScreen;
				INFOPLIST_KEY_UIMainStoryboardFile = Main;
				INFOPLIST_KEY_UISupportedInterfaceOrientations_iPad = "UIInterfaceOrientationPortrait UIInterfaceOrientationPortraitUpsideDown UIInterfaceOrientationLandscapeLeft UIInterfaceOrientationLandscapeRight";
				INFOPLIST_KEY_UISupportedInterfaceOrientations_iPhone = "UIInterfaceOrientationPortrait UIInterfaceOrientationLandscapeLeft UIInterfaceOrientationLandscapeRight";
				LD_RUNPATH_SEARCH_PATHS = (
					"$(inherited)",
					"@executable_path/Frameworks",
				);
				MARKETING_VERSION = 1.0;
				PRODUCT_BUNDLE_IDENTIFIER = com.romoimone.Lecture11App;
				PRODUCT_NAME = "$(TARGET_NAME)";
				SWIFT_EMIT_LOC_STRINGS = YES;
				SWIFT_VERSION = 5.0;
				TARGETED_DEVICE_FAMILY = "1,2";
			};
			name = Debug;
		};
		C19B346928FDC8B800DD06A3 /* Release */ = {
			isa = XCBuildConfiguration;
			buildSettings = {
				ASSETCATALOG_COMPILER_APPICON_NAME = AppIcon;
				ASSETCATALOG_COMPILER_GLOBAL_ACCENT_COLOR_NAME = AccentColor;
				CODE_SIGN_STYLE = Automatic;
				CURRENT_PROJECT_VERSION = 1;
				GENERATE_INFOPLIST_FILE = YES;
				INFOPLIST_FILE = Lecture11App/Info.plist;
				INFOPLIST_KEY_UIApplicationSupportsIndirectInputEvents = YES;
				INFOPLIST_KEY_UILaunchStoryboardName = LaunchScreen;
				INFOPLIST_KEY_UIMainStoryboardFile = Main;
				INFOPLIST_KEY_UISupportedInterfaceOrientations_iPad = "UIInterfaceOrientationPortrait UIInterfaceOrientationPortraitUpsideDown UIInterfaceOrientationLandscapeLeft UIInterfaceOrientationLandscapeRight";
				INFOPLIST_KEY_UISupportedInterfaceOrientations_iPhone = "UIInterfaceOrientationPortrait UIInterfaceOrientationLandscapeLeft UIInterfaceOrientationLandscapeRight";
				LD_RUNPATH_SEARCH_PATHS = (
					"$(inherited)",
					"@executable_path/Frameworks",
				);
				MARKETING_VERSION = 1.0;
				PRODUCT_BUNDLE_IDENTIFIER = com.romoimone.Lecture11App;
				PRODUCT_NAME = "$(TARGET_NAME)";
				SWIFT_EMIT_LOC_STRINGS = YES;
				SWIFT_VERSION = 5.0;
				TARGETED_DEVICE_FAMILY = "1,2";
			};
			name = Release;
		};
/* End XCBuildConfiguration section */

/* Begin XCConfigurationList section */
		C19B344E28FDC8B600DD06A3 /* Build configuration list for PBXProject "Lecture11App" */ = {
			isa = XCConfigurationList;
			buildConfigurations = (
				C19B346528FDC8B800DD06A3 /* Debug */,
				C19B346628FDC8B800DD06A3 /* Release */,
			);
			defaultConfigurationIsVisible = 0;
			defaultConfigurationName = Release;
		};
		C19B346728FDC8B800DD06A3 /* Build configuration list for PBXNativeTarget "Lecture11App" */ = {
			isa = XCConfigurationList;
			buildConfigurations = (
				C19B346828FDC8B800DD06A3 /* Debug */,
				C19B346928FDC8B800DD06A3 /* Release */,
			);
			defaultConfigurationIsVisible = 0;
			defaultConfigurationName = Release;
		};
/* End XCConfigurationList section */
	};
	rootObject = C19B344B28FDC8B600DD06A3 /* Project object */;
}
